
Microsoft Visual Studio Solution File, Format Version 12.00
# Visual Studio 15
Project("{FAE04EC0-301F-11D3-BF4B-00C04F79EFBC}") = "shooter", "Assembly-CSharp-firstpass.csproj", "{DDDF4228-7A7E-CE00-61F5-C97868D44063}"
EndProject
Project("{FAE04EC0-301F-11D3-BF4B-00C04F79EFBC}") = "shooter", "Assembly-CSharp.csproj", "{5330AA3F-1D54-37C3-9577-11EE959150E6}"
EndProject
Project("{FAE04EC0-301F-11D3-BF4B-00C04F79EFBC}") = "shooter", "Assembly-CSharp-Editor-firstpass.csproj", "{D31770B9-B6C5-D5BA-7ACD-0C3E8C185201}"
EndProject
Global
	GlobalSection(SolutionConfigurationPlatforms) = preSolution
		Debug|Any CPU = Debug|Any CPU
		Release|Any CPU = Release|Any CPU
	EndGlobalSection
	GlobalSection(ProjectConfigurationPlatforms) = postSolution
		{DDDF4228-7A7E-CE00-61F5-C97868D44063}.Debug|Any CPU.ActiveCfg = Debug|Any CPU
		{DDDF4228-7A7E-CE00-61F5-C97868D44063}.Debug|Any CPU.Build.0 = Debug|Any CPU
		{DDDF4228-7A7E-CE00-61F5-C97868D44063}.Release|Any CPU.ActiveCfg = Release|Any CPU
		{DDDF4228-7A7E-CE00-61F5-C97868D44063}.Release|Any CPU.Build.0 = Release|Any CPU
		{5330AA3F-1D54-37C3-9577-11EE959150E6}.Debug|Any CPU.ActiveCfg = Debug|Any CPU
		{5330AA3F-1D54-37C3-9577-11EE959150E6}.Debug|Any CPU.Build.0 = Debug|Any CPU
		{5330AA3F-1D54-37C3-9577-11EE959150E6}.Release|Any CPU.ActiveCfg = Release|Any CPU
		{5330AA3F-1D54-37C3-9577-11EE959150E6}.Release|Any CPU.Build.0 = Release|Any CPU
		{D31770B9-B6C5-D5BA-7ACD-0C3E8C185201}.Debug|Any CPU.ActiveCfg = Debug|Any CPU
		{D31770B9-B6C5-D5BA-7ACD-0C3E8C185201}.Debug|Any CPU.Build.0 = Debug|Any CPU
		{D31770B9-B6C5-D5BA-7ACD-0C3E8C185201}.Release|Any CPU.ActiveCfg = Release|Any CPU
		{D31770B9-B6C5-D5BA-7ACD-0C3E8C185201}.Release|Any CPU.Build.0 = Release|Any CPU
	EndGlobalSection
	GlobalSection(SolutionProperties) = preSolution
		HideSolutionNode = FALSE
	EndGlobalSection
EndGlobal
